
Microsoft Visual Studio Solution File, Format Version 12.00
# Visual Studio 15
VisualStudioVersion = 15.0.27703.2035
MinimumVisualStudioVersion = 10.0.40219.1
Project("{FAE04EC0-301F-11D3-BF4B-00C04F79EFBC}") = "DatabaseFirst", "DatabaseFirst\DatabaseFirst.csproj", "{2B995DEE-6D6D-434F-8F0E-B48E59A5835F}"
EndProject
Global
	GlobalSection(SolutionConfigurationPlatforms) = preSolution
		Debug|Any CPU = Debug|Any CPU
		Release|Any CPU = Release|Any CPU
	EndGlobalSection
	GlobalSection(ProjectConfigurationPlatforms) = postSolution
		{2B995DEE-6D6D-434F-8F0E-B48E59A5835F}.Debug|Any CPU.ActiveCfg = Debug|Any CPU
		{2B995DEE-6D6D-434F-8F0E-B48E59A5835F}.Debug|Any CPU.Build.0 = Debug|Any CPU
		{2B995DEE-6D6D-434F-8F0E-B48E59A5835F}.Release|Any CPU.ActiveCfg = Release|Any CPU
		{2B995DEE-6D6D-434F-8F0E-B48E59A5835F}.Release|Any CPU.Build.0 = Release|Any CPU
	EndGlobalSection
	GlobalSection(SolutionProperties) = preSolution
		HideSolutionNode = FALSE
	EndGlobalSection
	GlobalSection(ExtensibilityGlobals) = postSolution
		SolutionGuid = {61D3823D-6ECA-4CF3-8B63-2A603ABFFBAE}
	EndGlobalSection
EndGlobal
